
Microsoft Visual Studio Solution File, Format Version 12.00
# Visual Studio 15
VisualStudioVersion = 15.0.27703.2000
MinimumVisualStudioVersion = 10.0.40219.1
Project("{FAE04EC0-301F-11D3-BF4B-00C04F79EFBC}") = "OneStopElectronix", "OneStopElectronix\OneStopElectronix.csproj", "{8BE2626B-D9F5-4F64-B46A-238B19B9349A}"
EndProject
Global
	GlobalSection(SolutionConfigurationPlatforms) = preSolution
		Debug|Any CPU = Debug|Any CPU
		Release|Any CPU = Release|Any CPU
	EndGlobalSection
	GlobalSection(ProjectConfigurationPlatforms) = postSolution
		{8BE2626B-D9F5-4F64-B46A-238B19B9349A}.Debug|Any CPU.ActiveCfg = Debug|Any CPU
		{8BE2626B-D9F5-4F64-B46A-238B19B9349A}.Debug|Any CPU.Build.0 = Debug|Any CPU
		{8BE2626B-D9F5-4F64-B46A-238B19B9349A}.Release|Any CPU.ActiveCfg = Release|Any CPU
		{8BE2626B-D9F5-4F64-B46A-238B19B9349A}.Release|Any CPU.Build.0 = Release|Any CPU
	EndGlobalSection
	GlobalSection(SolutionProperties) = preSolution
		HideSolutionNode = FALSE
	EndGlobalSection
	GlobalSection(ExtensibilityGlobals) = postSolution
		SolutionGuid = {77A5EF0A-E572-4678-88F7-BA8062DA078E}
	EndGlobalSection
EndGlobal
